// !$*UTF8*$!
{
	archiveVersion = 1;
	classes = {
	};
	objectVersion = 46;
	objects = {

/* Begin PBXBuildFile section */
		5525576D1B8D033700B52107 /* BTAlertCenter.h in Headers */ = {isa = PBXBuildFile; fileRef = 5525576B1B8D033700B52107 /* BTAlertCenter.h */; };
		5525576E1B8D033700B52107 /* BTAlertCenter.m in Sources */ = {isa = PBXBuildFile; fileRef = 5525576C1B8D033700B52107 /* BTAlertCenter.m */; };
		552557701B8D134D00B52107 /* AudioToolbox.framework in Frameworks */ = {isa = PBXBuildFile; fileRef = 5525576F1B8D134D00B52107 /* AudioToolbox.framework */; };
		55470BBE1B8BC3BE00985606 /* Black_BatteryTemperatureWarm_Color.png in Resources */ = {isa = PBXBuildFile; fileRef = 55470BB81B8BC3BE00985606 /* Black_BatteryTemperatureWarm_Color.png */; };
		55470BBF1B8BC3BE00985606 /* Black_BatteryTemperatureWarm_Color@2x.png in Resources */ = {isa = PBXBuildFile; fileRef = 55470BB91B8BC3BE00985606 /* Black_BatteryTemperatureWarm_Color@2x.png */; };
		55470BC01B8BC3BE00985606 /* LockScreen_BatteryTemperatureWarm_Color.png in Resources */ = {isa = PBXBuildFile; fileRef = 55470BBA1B8BC3BE00985606 /* LockScreen_BatteryTemperatureWarm_Color.png */; };
		55470BC11B8BC3BE00985606 /* LockScreen_BatteryTemperatureWarm_Color@2x.png in Resources */ = {isa = PBXBuildFile; fileRef = 55470BBB1B8BC3BE00985606 /* LockScreen_BatteryTemperatureWarm_Color@2x.png */; };
		55470BC21B8BC3BE00985606 /* White_BatteryTemperatureWarm_Color.png in Resources */ = {isa = PBXBuildFile; fileRef = 55470BBC1B8BC3BE00985606 /* White_BatteryTemperatureWarm_Color.png */; };
		55470BC31B8BC3BE00985606 /* White_BatteryTemperatureWarm_Color@2x.png in Resources */ = {isa = PBXBuildFile; fileRef = 55470BBD1B8BC3BE00985606 /* White_BatteryTemperatureWarm_Color@2x.png */; };
		55470BD61B8BC99900985606 /* Black_BatteryTemperatureCold_Color.png in Resources */ = {isa = PBXBuildFile; fileRef = 55470BC41B8BC99900985606 /* Black_BatteryTemperatureCold_Color.png */; };
		55470BD71B8BC99900985606 /* Black_BatteryTemperatureCold_Color@2x.png in Resources */ = {isa = PBXBuildFile; fileRef = 55470BC51B8BC99900985606 /* Black_BatteryTemperatureCold_Color@2x.png */; };
		55470BD81B8BC99900985606 /* Black_BatteryTemperatureCool_Color.png in Resources */ = {isa = PBXBuildFile; fileRef = 55470BC61B8BC99900985606 /* Black_BatteryTemperatureCool_Color.png */; };
		55470BD91B8BC99900985606 /* Black_BatteryTemperatureCool_Color@2x.png in Resources */ = {isa = PBXBuildFile; fileRef = 55470BC71B8BC99900985606 /* Black_BatteryTemperatureCool_Color@2x.png */; };
		55470BDA1B8BC99900985606 /* Black_BatteryTemperatureHot_Color.png in Resources */ = {isa = PBXBuildFile; fileRef = 55470BC81B8BC99900985606 /* Black_BatteryTemperatureHot_Color.png */; };
		55470BDB1B8BC99900985606 /* Black_BatteryTemperatureHot_Color@2x.png in Resources */ = {isa = PBXBuildFile; fileRef = 55470BC91B8BC99900985606 /* Black_BatteryTemperatureHot_Color@2x.png */; };
		55470BDC1B8BC99900985606 /* LockScreen_BatteryTemperatureCold_Color.png in Resources */ = {isa = PBXBuildFile; fileRef = 55470BCA1B8BC99900985606 /* LockScreen_BatteryTemperatureCold_Color.png */; };
		55470BDD1B8BC99900985606 /* LockScreen_BatteryTemperatureCold_Color@2x.png in Resources */ = {isa = PBXBuildFile; fileRef = 55470BCB1B8BC99900985606 /* LockScreen_BatteryTemperatureCold_Color@2x.png */; };
		55470BDE1B8BC99900985606 /* LockScreen_BatteryTemperatureCool_Color.png in Resources */ = {isa = PBXBuildFile; fileRef = 55470BCC1B8BC99900985606 /* LockScreen_BatteryTemperatureCool_Color.png */; };
		55470BDF1B8BC99900985606 /* LockScreen_BatteryTemperatureCool_Color@2x.png in Resources */ = {isa = PBXBuildFile; fileRef = 55470BCD1B8BC99900985606 /* LockScreen_BatteryTemperatureCool_Color@2x.png */; };
		55470BE01B8BC99900985606 /* LockScreen_BatteryTemperatureHot_Color.png in Resources */ = {isa = PBXBuildFile; fileRef = 55470BCE1B8BC99900985606 /* LockScreen_BatteryTemperatureHot_Color.png */; };
		55470BE11B8BC99900985606 /* LockScreen_BatteryTemperatureHot_Color@2x.png in Resources */ = {isa = PBXBuildFile; fileRef = 55470BCF1B8BC99900985606 /* LockScreen_BatteryTemperatureHot_Color@2x.png */; };
		55470BE21B8BC99900985606 /* White_BatteryTemperatureCold_Color.png in Resources */ = {isa = PBXBuildFile; fileRef = 55470BD01B8BC99900985606 /* White_BatteryTemperatureCold_Color.png */; };
		55470BE31B8BC99900985606 /* White_BatteryTemperatureCold_Color@2x.png in Resources */ = {isa = PBXBuildFile; fileRef = 55470BD11B8BC99900985606 /* White_BatteryTemperatureCold_Color@2x.png */; };
		55470BE41B8BC99900985606 /* White_BatteryTemperatureCool_Color.png in Resources */ = {isa = PBXBuildFile; fileRef = 55470BD21B8BC99900985606 /* White_BatteryTemperatureCool_Color.png */; };
		55470BE51B8BC99900985606 /* White_BatteryTemperatureCool_Color@2x.png in Resources */ = {isa = PBXBuildFile; fileRef = 55470BD31B8BC99900985606 /* White_BatteryTemperatureCool_Color@2x.png */; };
		55470BE61B8BC99900985606 /* White_BatteryTemperatureHot_Color.png in Resources */ = {isa = PBXBuildFile; fileRef = 55470BD41B8BC99900985606 /* White_BatteryTemperatureHot_Color.png */; };
		55470BE71B8BC99900985606 /* White_BatteryTemperatureHot_Color@2x.png in Resources */ = {isa = PBXBuildFile; fileRef = 55470BD51B8BC99900985606 /* White_BatteryTemperatureHot_Color@2x.png */; };
		55470BEE1B8BE44A00985606 /* BTPreferencesInterface.h in Headers */ = {isa = PBXBuildFile; fileRef = 55470BEC1B8BE44A00985606 /* BTPreferencesInterface.h */; };
		55470BEF1B8BE44A00985606 /* BTPreferencesInterface.m in Sources */ = {isa = PBXBuildFile; fileRef = 55470BED1B8BE44A00985606 /* BTPreferencesInterface.m */; };
		55470BF11B8BEC8F00985606 /* BTClassFunctions.m in Sources */ = {isa = PBXBuildFile; fileRef = 55470BF01B8BEC8F00985606 /* BTClassFunctions.m */; };
		55470BFC1B8C20BC00985606 /* libstatusbar.dylib in Frameworks */ = {isa = PBXBuildFile; fileRef = 55470BFB1B8C20BC00985606 /* libstatusbar.dylib */; };
		556F85391B775A7A00288568 /* Foundation.framework in Frameworks */ = {isa = PBXBuildFile; fileRef = 556F85381B775A7A00288568 /* Foundation.framework */; };
		556F854A1B775A7A00288568 /* Battery_Temperature.mm in Sources */ = {isa = PBXBuildFile; fileRef = 556F85491B775A7A00288568 /* Battery_Temperature.mm */; };
		556F85541B775A9400288568 /* libsubstrate.dylib in Frameworks */ = {isa = PBXBuildFile; fileRef = 556F85531B775A9400288568 /* libsubstrate.dylib */; };
		558B445A1B7EA625005B379E /* UIKit.framework in Frameworks */ = {isa = PBXBuildFile; fileRef = 5530E7861B77749500BE1944 /* UIKit.framework */; };
		55CA27EC1B881D740015A8ED /* BTActivatorListener.h in Headers */ = {isa = PBXBuildFile; fileRef = 55CA27EA1B881D740015A8ED /* BTActivatorListener.h */; };
		55CA27ED1B881D740015A8ED /* BTActivatorListener.m in Sources */ = {isa = PBXBuildFile; fileRef = 55CA27EB1B881D740015A8ED /* BTActivatorListener.m */; };
		55CA27FE1B883C6B0015A8ED /* CoreGraphics.framework in Frameworks */ = {isa = PBXBuildFile; fileRef = 55CA27FD1B883C6B0015A8ED /* CoreGraphics.framework */; };
/* End PBXBuildFile section */

/* Begin PBXFileReference section */
		55167A741B7D5675005F24E5 /* Battery_TemperatureIcon.png */ = {isa = PBXFileReference; lastKnownFileType = image.png; name = Battery_TemperatureIcon.png; path = Package/Library/PreferenceLoader/Preferences/Battery_TemperatureIcon.png; sourceTree = "<group>"; };
		55167A751B7D5675005F24E5 /* Battery_TemperatureIcon@2x.png */ = {isa = PBXFileReference; lastKnownFileType = image.png; name = "Battery_TemperatureIcon@2x.png"; path = "Package/Library/PreferenceLoader/Preferences/Battery_TemperatureIcon@2x.png"; sourceTree = "<group>"; };
		5525576B1B8D033700B52107 /* BTAlertCenter.h */ = {isa = PBXFileReference; fileEncoding = 4; lastKnownFileType = sourcecode.c.h; path = BTAlertCenter.h; sourceTree = "<group>"; };
		5525576C1B8D033700B52107 /* BTAlertCenter.m */ = {isa = PBXFileReference; fileEncoding = 4; lastKnownFileType = sourcecode.c.objc; path = BTAlertCenter.m; sourceTree = "<group>"; };
		5525576F1B8D134D00B52107 /* AudioToolbox.framework */ = {isa = PBXFileReference; lastKnownFileType = wrapper.framework; name = AudioToolbox.framework; path = System/Library/Frameworks/AudioToolbox.framework; sourceTree = SDKROOT; };
		5530E7861B77749500BE1944 /* UIKit.framework */ = {isa = PBXFileReference; lastKnownFileType = wrapper.framework; name = UIKit.framework; path = System/Library/Frameworks/UIKit.framework; sourceTree = SDKROOT; };
		55470BAB1B8BB9BE00985606 /* LSStatusBarItem.h */ = {isa = PBXFileReference; lastKnownFileType = sourcecode.c.h; path = LSStatusBarItem.h; sourceTree = "<group>"; };
		55470BB81B8BC3BE00985606 /* Black_BatteryTemperatureWarm_Color.png */ = {isa = PBXFileReference; lastKnownFileType = image.png; name = Black_BatteryTemperatureWarm_Color.png; path = Package/System/Library/Frameworks/UIKit.framework/Black_BatteryTemperatureWarm_Color.png; sourceTree = "<group>"; };
		55470BB91B8BC3BE00985606 /* Black_BatteryTemperatureWarm_Color@2x.png */ = {isa = PBXFileReference; lastKnownFileType = image.png; name = "Black_BatteryTemperatureWarm_Color@2x.png"; path = "Package/System/Library/Frameworks/UIKit.framework/Black_BatteryTemperatureWarm_Color@2x.png"; sourceTree = "<group>"; };
		55470BBA1B8BC3BE00985606 /* LockScreen_BatteryTemperatureWarm_Color.png */ = {isa = PBXFileReference; lastKnownFileType = image.png; name = LockScreen_BatteryTemperatureWarm_Color.png; path = Package/System/Library/Frameworks/UIKit.framework/LockScreen_BatteryTemperatureWarm_Color.png; sourceTree = "<group>"; };
		55470BBB1B8BC3BE00985606 /* LockScreen_BatteryTemperatureWarm_Color@2x.png */ = {isa = PBXFileReference; lastKnownFileType = image.png; name = "LockScreen_BatteryTemperatureWarm_Color@2x.png"; path = "Package/System/Library/Frameworks/UIKit.framework/LockScreen_BatteryTemperatureWarm_Color@2x.png"; sourceTree = "<group>"; };
		55470BBC1B8BC3BE00985606 /* White_BatteryTemperatureWarm_Color.png */ = {isa = PBXFileReference; lastKnownFileType = image.png; name = White_BatteryTemperatureWarm_Color.png; path = Package/System/Library/Frameworks/UIKit.framework/White_BatteryTemperatureWarm_Color.png; sourceTree = "<group>"; };
		55470BBD1B8BC3BE00985606 /* White_BatteryTemperatureWarm_Color@2x.png */ = {isa = PBXFileReference; lastKnownFileType = image.png; name = "White_BatteryTemperatureWarm_Color@2x.png"; path = "Package/System/Library/Frameworks/UIKit.framework/White_BatteryTemperatureWarm_Color@2x.png"; sourceTree = "<group>"; };
		55470BC41B8BC99900985606 /* Black_BatteryTemperatureCold_Color.png */ = {isa = PBXFileReference; lastKnownFileType = image.png; name = Black_BatteryTemperatureCold_Color.png; path = Package/System/Library/Frameworks/UIKit.framework/Black_BatteryTemperatureCold_Color.png; sourceTree = "<group>"; };
		55470BC51B8BC99900985606 /* Black_BatteryTemperatureCold_Color@2x.png */ = {isa = PBXFileReference; lastKnownFileType = image.png; name = "Black_BatteryTemperatureCold_Color@2x.png"; path = "Package/System/Library/Frameworks/UIKit.framework/Black_BatteryTemperatureCold_Color@2x.png"; sourceTree = "<group>"; };
		55470BC61B8BC99900985606 /* Black_BatteryTemperatureCool_Color.png */ = {isa = PBXFileReference; lastKnownFileType = image.png; name = Black_BatteryTemperatureCool_Color.png; path = Package/System/Library/Frameworks/UIKit.framework/Black_BatteryTemperatureCool_Color.png; sourceTree = "<group>"; };
		55470BC71B8BC99900985606 /* Black_BatteryTemperatureCool_Color@2x.png */ = {isa = PBXFileReference; lastKnownFileType = image.png; name = "Black_BatteryTemperatureCool_Color@2x.png"; path = "Package/System/Library/Frameworks/UIKit.framework/Black_BatteryTemperatureCool_Color@2x.png"; sourceTree = "<group>"; };
		55470BC81B8BC99900985606 /* Black_BatteryTemperatureHot_Color.png */ = {isa = PBXFileReference; lastKnownFileType = image.png; name = Black_BatteryTemperatureHot_Color.png; path = Package/System/Library/Frameworks/UIKit.framework/Black_BatteryTemperatureHot_Color.png; sourceTree = "<group>"; };
		55470BC91B8BC99900985606 /* Black_BatteryTemperatureHot_Color@2x.png */ = {isa = PBXFileReference; lastKnownFileType = image.png; name = "Black_BatteryTemperatureHot_Color@2x.png"; path = "Package/System/Library/Frameworks/UIKit.framework/Black_BatteryTemperatureHot_Color@2x.png"; sourceTree = "<group>"; };
		55470BCA1B8BC99900985606 /* LockScreen_BatteryTemperatureCold_Color.png */ = {isa = PBXFileReference; lastKnownFileType = image.png; name = LockScreen_BatteryTemperatureCold_Color.png; path = Package/System/Library/Frameworks/UIKit.framework/LockScreen_BatteryTemperatureCold_Color.png; sourceTree = "<group>"; };
		55470BCB1B8BC99900985606 /* LockScreen_BatteryTemperatureCold_Color@2x.png */ = {isa = PBXFileReference; lastKnownFileType = image.png; name = "LockScreen_BatteryTemperatureCold_Color@2x.png"; path = "Package/System/Library/Frameworks/UIKit.framework/LockScreen_BatteryTemperatureCold_Color@2x.png"; sourceTree = "<group>"; };
		55470BCC1B8BC99900985606 /* LockScreen_BatteryTemperatureCool_Color.png */ = {isa = PBXFileReference; lastKnownFileType = image.png; name = LockScreen_BatteryTemperatureCool_Color.png; path = Package/System/Library/Frameworks/UIKit.framework/LockScreen_BatteryTemperatureCool_Color.png; sourceTree = "<group>"; };
		55470BCD1B8BC99900985606 /* LockScreen_BatteryTemperatureCool_Color@2x.png */ = {isa = PBXFileReference; lastKnownFileType = image.png; name = "LockScreen_BatteryTemperatureCool_Color@2x.png"; path = "Package/System/Library/Frameworks/UIKit.framework/LockScreen_BatteryTemperatureCool_Color@2x.png"; sourceTree = "<group>"; };
		55470BCE1B8BC99900985606 /* LockScreen_BatteryTemperatureHot_Color.png */ = {isa = PBXFileReference; lastKnownFileType = image.png; name = LockScreen_BatteryTemperatureHot_Color.png; path = Package/System/Library/Frameworks/UIKit.framework/LockScreen_BatteryTemperatureHot_Color.png; sourceTree = "<group>"; };
		55470BCF1B8BC99900985606 /* LockScreen_BatteryTemperatureHot_Color@2x.png */ = {isa = PBXFileReference; lastKnownFileType = image.png; name = "LockScreen_BatteryTemperatureHot_Color@2x.png"; path = "Package/System/Library/Frameworks/UIKit.framework/LockScreen_BatteryTemperatureHot_Color@2x.png"; sourceTree = "<group>"; };
		55470BD01B8BC99900985606 /* White_BatteryTemperatureCold_Color.png */ = {isa = PBXFileReference; lastKnownFileType = image.png; name = White_BatteryTemperatureCold_Color.png; path = Package/System/Library/Frameworks/UIKit.framework/White_BatteryTemperatureCold_Color.png; sourceTree = "<group>"; };
		55470BD11B8BC99900985606 /* White_BatteryTemperatureCold_Color@2x.png */ = {isa = PBXFileReference; lastKnownFileType = image.png; name = "White_BatteryTemperatureCold_Color@2x.png"; path = "Package/System/Library/Frameworks/UIKit.framework/White_BatteryTemperatureCold_Color@2x.png"; sourceTree = "<group>"; };
		55470BD21B8BC99900985606 /* White_BatteryTemperatureCool_Color.png */ = {isa = PBXFileReference; lastKnownFileType = image.png; name = White_BatteryTemperatureCool_Color.png; path = Package/System/Library/Frameworks/UIKit.framework/White_BatteryTemperatureCool_Color.png; sourceTree = "<group>"; };
		55470BD31B8BC99900985606 /* White_BatteryTemperatureCool_Color@2x.png */ = {isa = PBXFileReference; lastKnownFileType = image.png; name = "White_BatteryTemperatureCool_Color@2x.png"; path = "Package/System/Library/Frameworks/UIKit.framework/White_BatteryTemperatureCool_Color@2x.png"; sourceTree = "<group>"; };
		55470BD41B8BC99900985606 /* White_BatteryTemperatureHot_Color.png */ = {isa = PBXFileReference; lastKnownFileType = image.png; name = White_BatteryTemperatureHot_Color.png; path = Package/System/Library/Frameworks/UIKit.framework/White_BatteryTemperatureHot_Color.png; sourceTree = "<group>"; };
		55470BD51B8BC99900985606 /* White_BatteryTemperatureHot_Color@2x.png */ = {isa = PBXFileReference; lastKnownFileType = image.png; name = "White_BatteryTemperatureHot_Color@2x.png"; path = "Package/System/Library/Frameworks/UIKit.framework/White_BatteryTemperatureHot_Color@2x.png"; sourceTree = "<group>"; };
		55470BEC1B8BE44A00985606 /* BTPreferencesInterface.h */ = {isa = PBXFileReference; fileEncoding = 4; lastKnownFileType = sourcecode.c.h; path = BTPreferencesInterface.h; sourceTree = "<group>"; };
		55470BED1B8BE44A00985606 /* BTPreferencesInterface.m */ = {isa = PBXFileReference; fileEncoding = 4; lastKnownFileType = sourcecode.c.objc; path = BTPreferencesInterface.m; sourceTree = "<group>"; xcLanguageSpecificationIdentifier = xcode.lang.objcpp; };
		55470BF01B8BEC8F00985606 /* BTClassFunctions.m */ = {isa = PBXFileReference; fileEncoding = 4; lastKnownFileType = sourcecode.c.objc; path = BTClassFunctions.m; sourceTree = "<group>"; };
		55470BF21B8BF1CC00985606 /* BTClassFunctions.h */ = {isa = PBXFileReference; lastKnownFileType = sourcecode.c.h; path = BTClassFunctions.h; sourceTree = "<group>"; };
		55470BFB1B8C20BC00985606 /* libstatusbar.dylib */ = {isa = PBXFileReference; lastKnownFileType = "compiled.mach-o.dylib"; name = libstatusbar.dylib; path = ../../../../../../opt/iOSOpenDev/lib/libstatusbar.dylib; sourceTree = "<group>"; };
		556F85351B775A7A00288568 /* Battery Temperature.dylib */ = {isa = PBXFileReference; explicitFileType = "compiled.mach-o.dylib"; includeInIndex = 0; path = "Battery Temperature.dylib"; sourceTree = BUILT_PRODUCTS_DIR; };
		556F85381B775A7A00288568 /* Foundation.framework */ = {isa = PBXFileReference; lastKnownFileType = wrapper.framework; name = Foundation.framework; path = System/Library/Frameworks/Foundation.framework; sourceTree = SDKROOT; };
		556F853D1B775A7A00288568 /* control.txt */ = {isa = PBXFileReference; lastKnownFileType = text; name = control.txt; path = Package/DEBIAN/control.txt; sourceTree = "<group>"; };
		556F853E1B775A7A00288568 /* control */ = {isa = PBXFileReference; lastKnownFileType = text; name = control; path = Package/DEBIAN/control; sourceTree = "<group>"; };
		556F85401B775A7A00288568 /* PackageVersion.plist */ = {isa = PBXFileReference; lastKnownFileType = text.plist.xml; path = PackageVersion.plist; sourceTree = "<group>"; };
		556F85441B775A7A00288568 /* Battery_Temperature.plist */ = {isa = PBXFileReference; lastKnownFileType = text.plist.xml; name = Battery_Temperature.plist; path = Package/Library/PreferenceLoader/Preferences/Battery_Temperature.plist; sourceTree = "<group>"; };
		556F85471B775A7A00288568 /* Battery Temperature-Prefix.pch */ = {isa = PBXFileReference; lastKnownFileType = sourcecode.c.h; path = "Battery Temperature-Prefix.pch"; sourceTree = "<group>"; };
		556F85481B775A7A00288568 /* Battery_Temperature.xm */ = {isa = PBXFileReference; lastKnownFileType = sourcecode.cpp.objcpp; path = Battery_Temperature.xm; sourceTree = "<group>"; xcLanguageSpecificationIdentifier = xcode.lang.objcpp; };
		556F85491B775A7A00288568 /* Battery_Temperature.mm */ = {isa = PBXFileReference; lastKnownFileType = sourcecode.cpp.objcpp; path = Battery_Temperature.mm; sourceTree = "<group>"; };
		556F854D1B775A7A00288568 /* Battery_Temperature.plist */ = {isa = PBXFileReference; lastKnownFileType = text.plist.xml; name = Battery_Temperature.plist; path = Package/Library/MobileSubstrate/DynamicLibraries/Battery_Temperature.plist; sourceTree = "<group>"; };
		556F85531B775A9400288568 /* libsubstrate.dylib */ = {isa = PBXFileReference; lastKnownFileType = "compiled.mach-o.dylib"; name = libsubstrate.dylib; path = ../../../../../../opt/iOSOpenDev/lib/libsubstrate.dylib; sourceTree = "<group>"; };
		5574B3D61B8DBA240013820A /* Headers.h */ = {isa = PBXFileReference; lastKnownFileType = sourcecode.c.h; path = Headers.h; sourceTree = "<group>"; };
		55CA27EA1B881D740015A8ED /* BTActivatorListener.h */ = {isa = PBXFileReference; fileEncoding = 4; lastKnownFileType = sourcecode.c.h; path = BTActivatorListener.h; sourceTree = "<group>"; };
		55CA27EB1B881D740015A8ED /* BTActivatorListener.m */ = {isa = PBXFileReference; fileEncoding = 4; lastKnownFileType = sourcecode.c.objc; path = BTActivatorListener.m; sourceTree = "<group>"; };
		55CA27FD1B883C6B0015A8ED /* CoreGraphics.framework */ = {isa = PBXFileReference; lastKnownFileType = wrapper.framework; name = CoreGraphics.framework; path = System/Library/Frameworks/CoreGraphics.framework; sourceTree = SDKROOT; };
/* End PBXFileReference section */

/* Begin PBXFrameworksBuildPhase section */
		556F85311B775A7A00288568 /* Frameworks */ = {
			isa = PBXFrameworksBuildPhase;
			buildActionMask = 2147483647;
			files = (
				552557701B8D134D00B52107 /* AudioToolbox.framework in Frameworks */,
				55470BFC1B8C20BC00985606 /* libstatusbar.dylib in Frameworks */,
				55CA27FE1B883C6B0015A8ED /* CoreGraphics.framework in Frameworks */,
				558B445A1B7EA625005B379E /* UIKit.framework in Frameworks */,
				556F85541B775A9400288568 /* libsubstrate.dylib in Frameworks */,
				556F85391B775A7A00288568 /* Foundation.framework in Frameworks */,
			);
			runOnlyForDeploymentPostprocessing = 0;
		};
/* End PBXFrameworksBuildPhase section */

/* Begin PBXGroup section */
		55470B9B1B8BB77100985606 /* System */ = {
			isa = PBXGroup;
			children = (
				55470B9C1B8BB77D00985606 /* Library */,
			);
			name = System;
			sourceTree = "<group>";
		};
		55470B9C1B8BB77D00985606 /* Library */ = {
			isa = PBXGroup;
			children = (
				55470B9D1B8BB78500985606 /* Frameworks */,
			);
			name = Library;
			sourceTree = "<group>";
		};
		55470B9D1B8BB78500985606 /* Frameworks */ = {
			isa = PBXGroup;
			children = (
				55470B9E1B8BB79700985606 /* UIKit.framework */,
			);
			name = Frameworks;
			sourceTree = "<group>";
		};
		55470B9E1B8BB79700985606 /* UIKit.framework */ = {
			isa = PBXGroup;
			children = (
				55470BC41B8BC99900985606 /* Black_BatteryTemperatureCold_Color.png */,
				55470BC51B8BC99900985606 /* Black_BatteryTemperatureCold_Color@2x.png */,
				55470BC61B8BC99900985606 /* Black_BatteryTemperatureCool_Color.png */,
				55470BC71B8BC99900985606 /* Black_BatteryTemperatureCool_Color@2x.png */,
				55470BC81B8BC99900985606 /* Black_BatteryTemperatureHot_Color.png */,
				55470BC91B8BC99900985606 /* Black_BatteryTemperatureHot_Color@2x.png */,
				55470BCA1B8BC99900985606 /* LockScreen_BatteryTemperatureCold_Color.png */,
				55470BCB1B8BC99900985606 /* LockScreen_BatteryTemperatureCold_Color@2x.png */,
				55470BCC1B8BC99900985606 /* LockScreen_BatteryTemperatureCool_Color.png */,
				55470BCD1B8BC99900985606 /* LockScreen_BatteryTemperatureCool_Color@2x.png */,
				55470BCE1B8BC99900985606 /* LockScreen_BatteryTemperatureHot_Color.png */,
				55470BCF1B8BC99900985606 /* LockScreen_BatteryTemperatureHot_Color@2x.png */,
				55470BD01B8BC99900985606 /* White_BatteryTemperatureCold_Color.png */,
				55470BD11B8BC99900985606 /* White_BatteryTemperatureCold_Color@2x.png */,
				55470BD21B8BC99900985606 /* White_BatteryTemperatureCool_Color.png */,
				55470BD31B8BC99900985606 /* White_BatteryTemperatureCool_Color@2x.png */,
				55470BD41B8BC99900985606 /* White_BatteryTemperatureHot_Color.png */,
				55470BD51B8BC99900985606 /* White_BatteryTemperatureHot_Color@2x.png */,
				55470BB81B8BC3BE00985606 /* Black_BatteryTemperatureWarm_Color.png */,
				55470BB91B8BC3BE00985606 /* Black_BatteryTemperatureWarm_Color@2x.png */,
				55470BBA1B8BC3BE00985606 /* LockScreen_BatteryTemperatureWarm_Color.png */,
				55470BBB1B8BC3BE00985606 /* LockScreen_BatteryTemperatureWarm_Color@2x.png */,
				55470BBC1B8BC3BE00985606 /* White_BatteryTemperatureWarm_Color.png */,
				55470BBD1B8BC3BE00985606 /* White_BatteryTemperatureWarm_Color@2x.png */,
			);
			name = UIKit.framework;
			sourceTree = "<group>";
		};
		556F852A1B775A7A00288568 = {
			isa = PBXGroup;
			children = (
				556F853A1B775A7A00288568 /* Battery Temperature */,
				556F85371B775A7A00288568 /* Frameworks */,
				556F85361B775A7A00288568 /* Products */,
			);
			sourceTree = "<group>";
		};
		556F85361B775A7A00288568 /* Products */ = {
			isa = PBXGroup;
			children = (
				556F85351B775A7A00288568 /* Battery Temperature.dylib */,
			);
			name = Products;
			sourceTree = "<group>";
		};
		556F85371B775A7A00288568 /* Frameworks */ = {
			isa = PBXGroup;
			children = (
				5525576F1B8D134D00B52107 /* AudioToolbox.framework */,
				55470BFB1B8C20BC00985606 /* libstatusbar.dylib */,
				55CA27FD1B883C6B0015A8ED /* CoreGraphics.framework */,
				5530E7861B77749500BE1944 /* UIKit.framework */,
				556F85531B775A9400288568 /* libsubstrate.dylib */,
				556F85381B775A7A00288568 /* Foundation.framework */,
			);
			name = Frameworks;
			sourceTree = "<group>";
		};
		556F853A1B775A7A00288568 /* Battery Temperature */ = {
			isa = PBXGroup;
			children = (
				556F85481B775A7A00288568 /* Battery_Temperature.xm */,
				556F85491B775A7A00288568 /* Battery_Temperature.mm */,
				55CA27EA1B881D740015A8ED /* BTActivatorListener.h */,
				55CA27EB1B881D740015A8ED /* BTActivatorListener.m */,
				55470BEC1B8BE44A00985606 /* BTPreferencesInterface.h */,
				55470BED1B8BE44A00985606 /* BTPreferencesInterface.m */,
				55470BF21B8BF1CC00985606 /* BTClassFunctions.h */,
				55470BF01B8BEC8F00985606 /* BTClassFunctions.m */,
				5525576B1B8D033700B52107 /* BTAlertCenter.h */,
				5525576C1B8D033700B52107 /* BTAlertCenter.m */,
				55470BAB1B8BB9BE00985606 /* LSStatusBarItem.h */,
				5574B3D61B8DBA240013820A /* Headers.h */,
				556F853B1B775A7A00288568 /* Package */,
				556F853F1B775A7A00288568 /* Supporting Files */,
			);
			path = "Battery Temperature";
			sourceTree = "<group>";
		};
		556F853B1B775A7A00288568 /* Package */ = {
			isa = PBXGroup;
			children = (
				55470B9B1B8BB77100985606 /* System */,
				556F853C1B775A7A00288568 /* DEBIAN */,
				556F85411B775A7A00288568 /* Library */,
			);
			name = Package;
			sourceTree = "<group>";
		};
		556F853C1B775A7A00288568 /* DEBIAN */ = {
			isa = PBXGroup;
			children = (
				556F853D1B775A7A00288568 /* control.txt */,
				556F853E1B775A7A00288568 /* control */,
			);
			name = DEBIAN;
			sourceTree = "<group>";
		};
		556F853F1B775A7A00288568 /* Supporting Files */ = {
			isa = PBXGroup;
			children = (
				556F85401B775A7A00288568 /* PackageVersion.plist */,
				556F85471B775A7A00288568 /* Battery Temperature-Prefix.pch */,
			);
			name = "Supporting Files";
			sourceTree = "<group>";
		};
		556F85411B775A7A00288568 /* Library */ = {
			isa = PBXGroup;
			children = (
				556F85421B775A7A00288568 /* PreferenceLoader */,
				556F854B1B775A7A00288568 /* MobileSubstrate */,
			);
			name = Library;
			sourceTree = "<group>";
		};
		556F85421B775A7A00288568 /* PreferenceLoader */ = {
			isa = PBXGroup;
			children = (
				556F85431B775A7A00288568 /* Preferences */,
			);
			name = PreferenceLoader;
			sourceTree = "<group>";
		};
		556F85431B775A7A00288568 /* Preferences */ = {
			isa = PBXGroup;
			children = (
				55167A741B7D5675005F24E5 /* Battery_TemperatureIcon.png */,
				55167A751B7D5675005F24E5 /* Battery_TemperatureIcon@2x.png */,
				556F85441B775A7A00288568 /* Battery_Temperature.plist */,
			);
			name = Preferences;
			sourceTree = "<group>";
		};
		556F854B1B775A7A00288568 /* MobileSubstrate */ = {
			isa = PBXGroup;
			children = (
				556F854C1B775A7A00288568 /* DynamicLibraries */,
			);
			name = MobileSubstrate;
			sourceTree = "<group>";
		};
		556F854C1B775A7A00288568 /* DynamicLibraries */ = {
			isa = PBXGroup;
			children = (
				556F854D1B775A7A00288568 /* Battery_Temperature.plist */,
			);
			name = DynamicLibraries;
			sourceTree = "<group>";
		};
/* End PBXGroup section */

/* Begin PBXHeadersBuildPhase section */
		556F85321B775A7A00288568 /* Headers */ = {
			isa = PBXHeadersBuildPhase;
			buildActionMask = 2147483647;
			files = (
				55470BEE1B8BE44A00985606 /* BTPreferencesInterface.h in Headers */,
				55CA27EC1B881D740015A8ED /* BTActivatorListener.h in Headers */,
				5525576D1B8D033700B52107 /* BTAlertCenter.h in Headers */,
			);
			runOnlyForDeploymentPostprocessing = 0;
		};
/* End PBXHeadersBuildPhase section */

/* Begin PBXNativeTarget section */
		556F85341B775A7A00288568 /* Battery Temperature */ = {
			isa = PBXNativeTarget;
			buildConfigurationList = 556F85501B775A7A00288568 /* Build configuration list for PBXNativeTarget "Battery Temperature" */;
			buildPhases = (
				556F852F1B775A7A00288568 /* Run Script */,
				556F85301B775A7A00288568 /* Sources */,
				556F85311B775A7A00288568 /* Frameworks */,
				554F9F5B1B803EE4002FEFAC /* Resources */,
				556F85321B775A7A00288568 /* Headers */,
				556F85331B775A7A00288568 /* Run Script */,
			);
			buildRules = (
			);
			dependencies = (
			);
			name = "Battery Temperature";
			productName = "Battery Temperature";
			productReference = 556F85351B775A7A00288568 /* Battery Temperature.dylib */;
			productType = "com.apple.product-type.library.dynamic";
		};
/* End PBXNativeTarget section */

/* Begin PBXProject section */
		556F852B1B775A7A00288568 /* Project object */ = {
			isa = PBXProject;
			attributes = {
				LastUpgradeCheck = 0640;
				TargetAttributes = {
					556F85341B775A7A00288568 = {
						CreatedOnToolsVersion = 6.4;
					};
				};
			};
			buildConfigurationList = 556F852E1B775A7A00288568 /* Build configuration list for PBXProject "Battery Temperature" */;
			compatibilityVersion = "Xcode 3.2";
			developmentRegion = English;
			hasScannedForEncodings = 0;
			knownRegions = (
				en,
			);
			mainGroup = 556F852A1B775A7A00288568;
			productRefGroup = 556F85361B775A7A00288568 /* Products */;
			projectDirPath = "";
			projectRoot = "";
			targets = (
				556F85341B775A7A00288568 /* Battery Temperature */,
			);
		};
/* End PBXProject section */

/* Begin PBXResourcesBuildPhase section */
		554F9F5B1B803EE4002FEFAC /* Resources */ = {
			isa = PBXResourcesBuildPhase;
			buildActionMask = 2147483647;
			files = (
				55470BBF1B8BC3BE00985606 /* Black_BatteryTemperatureWarm_Color@2x.png in Resources */,
				55470BDC1B8BC99900985606 /* LockScreen_BatteryTemperatureCold_Color.png in Resources */,
				55470BC11B8BC3BE00985606 /* LockScreen_BatteryTemperatureWarm_Color@2x.png in Resources */,
				55470BC31B8BC3BE00985606 /* White_BatteryTemperatureWarm_Color@2x.png in Resources */,
				55470BE01B8BC99900985606 /* LockScreen_BatteryTemperatureHot_Color.png in Resources */,
				55470BDD1B8BC99900985606 /* LockScreen_BatteryTemperatureCold_Color@2x.png in Resources */,
				55470BD71B8BC99900985606 /* Black_BatteryTemperatureCold_Color@2x.png in Resources */,
				55470BD61B8BC99900985606 /* Black_BatteryTemperatureCold_Color.png in Resources */,
				55470BDF1B8BC99900985606 /* LockScreen_BatteryTemperatureCool_Color@2x.png in Resources */,
				55470BBE1B8BC3BE00985606 /* Black_BatteryTemperatureWarm_Color.png in Resources */,
				55470BE11B8BC99900985606 /* LockScreen_BatteryTemperatureHot_Color@2x.png in Resources */,
				55470BE21B8BC99900985606 /* White_BatteryTemperatureCold_Color.png in Resources */,
				55470BDE1B8BC99900985606 /* LockScreen_BatteryTemperatureCool_Color.png in Resources */,
				55470BC21B8BC3BE00985606 /* White_BatteryTemperatureWarm_Color.png in Resources */,
				55470BDB1B8BC99900985606 /* Black_BatteryTemperatureHot_Color@2x.png in Resources */,
				55470BE61B8BC99900985606 /* White_BatteryTemperatureHot_Color.png in Resources */,
				55470BE31B8BC99900985606 /* White_BatteryTemperatureCold_Color@2x.png in Resources */,
				55470BE41B8BC99900985606 /* White_BatteryTemperatureCool_Color.png in Resources */,
				55470BDA1B8BC99900985606 /* Black_BatteryTemperatureHot_Color.png in Resources */,
				55470BC01B8BC3BE00985606 /* LockScreen_BatteryTemperatureWarm_Color.png in Resources */,
				55470BD91B8BC99900985606 /* Black_BatteryTemperatureCool_Color@2x.png in Resources */,
				55470BE51B8BC99900985606 /* White_BatteryTemperatureCool_Color@2x.png in Resources */,
				55470BD81B8BC99900985606 /* Black_BatteryTemperatureCool_Color.png in Resources */,
				55470BE71B8BC99900985606 /* White_BatteryTemperatureHot_Color@2x.png in Resources */,
			);
			runOnlyForDeploymentPostprocessing = 0;
		};
/* End PBXResourcesBuildPhase section */

/* Begin PBXShellScriptBuildPhase section */
		556F852F1B775A7A00288568 /* Run Script */ = {
			isa = PBXShellScriptBuildPhase;
			buildActionMask = 2147483647;
			files = (
			);
			inputPaths = (
			);
			name = "Run Script";
			outputPaths = (
			);
			runOnlyForDeploymentPostprocessing = 0;
			shellPath = /bin/sh;
			shellScript = "/opt/iOSOpenDev/bin/iosod --xcbp-logos";
		};
		556F85331B775A7A00288568 /* Run Script */ = {
			isa = PBXShellScriptBuildPhase;
			buildActionMask = 2147483647;
			files = (
			);
			inputPaths = (
			);
			name = "Run Script";
			outputPaths = (
			);
			runOnlyForDeploymentPostprocessing = 0;
			shellPath = /bin/sh;
			shellScript = "/opt/iOSOpenDev/bin/iosod --xcbp";
		};
/* End PBXShellScriptBuildPhase section */

/* Begin PBXSourcesBuildPhase section */
		556F85301B775A7A00288568 /* Sources */ = {
			isa = PBXSourcesBuildPhase;
			buildActionMask = 2147483647;
			files = (
				55470BEF1B8BE44A00985606 /* BTPreferencesInterface.m in Sources */,
				5525576E1B8D033700B52107 /* BTAlertCenter.m in Sources */,
				556F854A1B775A7A00288568 /* Battery_Temperature.mm in Sources */,
				55470BF11B8BEC8F00985606 /* BTClassFunctions.m in Sources */,
				55CA27ED1B881D740015A8ED /* BTActivatorListener.m in Sources */,
			);
			runOnlyForDeploymentPostprocessing = 0;
		};
/* End PBXSourcesBuildPhase section */

/* Begin XCBuildConfiguration section */
		556F854E1B775A7A00288568 /* Debug */ = {
			isa = XCBuildConfiguration;
			buildSettings = {
				COPY_PHASE_STRIP = NO;
				EXCLUDED_RECURSIVE_SEARCH_PATH_SUBDIRECTORIES = "*.nib *.lproj *.gch (*) .DS_Store CVS .svn .git .hg *.xcodeproj *.xcode *.pbproj *.pbxproj";
				FRAMEWORK_SEARCH_PATHS = (
					"$(iOSOpenDevPath)/frameworks/**",
					"$(SDKROOT)/System/Library/PrivateFrameworks",
				);
				GCC_C_LANGUAGE_STANDARD = gnu99;
				GCC_DYNAMIC_NO_PIC = NO;
				GCC_OPTIMIZATION_LEVEL = 0;
				GCC_PREPROCESSOR_DEFINITIONS = (
					"DEBUG=1",
					"$(inherited)",
				);
				GCC_SYMBOLS_PRIVATE_EXTERN = NO;
				GCC_WARN_ABOUT_MISSING_PROTOTYPES = YES;
				GCC_WARN_ABOUT_RETURN_TYPE = YES;
				GCC_WARN_UNUSED_VARIABLE = YES;
				HEADER_SEARCH_PATHS = "$(iOSOpenDevPath)/include/**";
				IPHONEOS_DEPLOYMENT_TARGET = 8.4;
				LIBRARY_SEARCH_PATHS = "$(iOSOpenDevPath)/lib/**";
				SDKROOT = iphoneos;
				TARGETED_DEVICE_FAMILY = "1,2";
				VALIDATE_PRODUCT = NO;
				iOSOpenDevBuildPackageOnAnyBuild = NO;
				iOSOpenDevCopyOnBuild = NO;
				iOSOpenDevDevice = "";
				iOSOpenDevInstallOnAnyBuild = NO;
				iOSOpenDevInstallOnProfiling = YES;
				iOSOpenDevPath = /opt/iOSOpenDev;
				iOSOpenDevRespringOnInstall = YES;
				iOSOpenDevUsePackageVersionPList = YES;
			};
			name = Debug;
		};
		556F854F1B775A7A00288568 /* Release */ = {
			isa = XCBuildConfiguration;
			buildSettings = {
				COPY_PHASE_STRIP = YES;
				EXCLUDED_RECURSIVE_SEARCH_PATH_SUBDIRECTORIES = "*.nib *.lproj *.gch (*) .DS_Store CVS .svn .git .hg *.xcodeproj *.xcode *.pbproj *.pbxproj";
				FRAMEWORK_SEARCH_PATHS = (
					"$(iOSOpenDevPath)/frameworks/**",
					"$(SDKROOT)/System/Library/PrivateFrameworks",
				);
				GCC_C_LANGUAGE_STANDARD = gnu99;
				GCC_WARN_ABOUT_MISSING_PROTOTYPES = YES;
				GCC_WARN_ABOUT_RETURN_TYPE = YES;
				GCC_WARN_UNUSED_VARIABLE = YES;
				HEADER_SEARCH_PATHS = "$(iOSOpenDevPath)/include/**";
				IPHONEOS_DEPLOYMENT_TARGET = 8.4;
				LIBRARY_SEARCH_PATHS = "$(iOSOpenDevPath)/lib/**";
				SDKROOT = iphoneos;
				TARGETED_DEVICE_FAMILY = "1,2";
				VALIDATE_PRODUCT = YES;
				iOSOpenDevBuildPackageOnAnyBuild = NO;
				iOSOpenDevCopyOnBuild = NO;
				iOSOpenDevDevice = "";
				iOSOpenDevInstallOnAnyBuild = NO;
				iOSOpenDevInstallOnProfiling = YES;
				iOSOpenDevPath = /opt/iOSOpenDev;
				iOSOpenDevRespringOnInstall = YES;
				iOSOpenDevUsePackageVersionPList = YES;
			};
			name = Release;
		};
		556F85511B775A7A00288568 /* Debug */ = {
			isa = XCBuildConfiguration;
			buildSettings = {
				CODE_SIGN_IDENTITY = "";
				DYLIB_COMPATIBILITY_VERSION = 1;
				DYLIB_CURRENT_VERSION = 1;
				GCC_PRECOMPILE_PREFIX_HEADER = YES;
				GCC_PREFIX_HEADER = "Battery Temperature/Battery Temperature-Prefix.pch";
				INSTALL_PATH = /Library/MobileSubstrate/DynamicLibraries;
				LIBRARY_SEARCH_PATHS = (
					"$(inherited)",
					/opt/iOSOpenDev/lib,
				);
				PRODUCT_NAME = "$(TARGET_NAME)";
				iOSOpenDevBuildPackageOnAnyBuild = NO;
				iOSOpenDevCopyOnBuild = NO;
				iOSOpenDevDevice = "";
				iOSOpenDevInstallOnAnyBuild = NO;
				iOSOpenDevInstallOnProfiling = YES;
				iOSOpenDevRespringOnInstall = YES;
				iOSOpenDevUsePackageVersionPList = YES;
			};
			name = Debug;
		};
		556F85521B775A7A00288568 /* Release */ = {
			isa = XCBuildConfiguration;
			buildSettings = {
				CODE_SIGN_IDENTITY = "";
				DYLIB_COMPATIBILITY_VERSION = 1;
				DYLIB_CURRENT_VERSION = 1;
				GCC_PRECOMPILE_PREFIX_HEADER = YES;
				GCC_PREFIX_HEADER = "Battery Temperature/Battery Temperature-Prefix.pch";
				INSTALL_PATH = /Library/MobileSubstrate/DynamicLibraries;
				LIBRARY_SEARCH_PATHS = (
					"$(inherited)",
					/opt/iOSOpenDev/lib,
				);
				PRODUCT_NAME = "$(TARGET_NAME)";
				iOSOpenDevBuildPackageOnAnyBuild = NO;
				iOSOpenDevCopyOnBuild = NO;
				iOSOpenDevDevice = "";
				iOSOpenDevInstallOnAnyBuild = NO;
				iOSOpenDevInstallOnProfiling = YES;
				iOSOpenDevRespringOnInstall = YES;
				iOSOpenDevUsePackageVersionPList = YES;
			};
			name = Release;
		};
/* End XCBuildConfiguration section */

/* Begin XCConfigurationList section */
		556F852E1B775A7A00288568 /* Build configuration list for PBXProject "Battery Temperature" */ = {
			isa = XCConfigurationList;
			buildConfigurations = (
				556F854E1B775A7A00288568 /* Debug */,
				556F854F1B775A7A00288568 /* Release */,
			);
			defaultConfigurationIsVisible = 0;
			defaultConfigurationName = Release;
		};
		556F85501B775A7A00288568 /* Build configuration list for PBXNativeTarget "Battery Temperature" */ = {
			isa = XCConfigurationList;
			buildConfigurations = (
				556F85511B775A7A00288568 /* Debug */,
				556F85521B775A7A00288568 /* Release */,
			);
			defaultConfigurationIsVisible = 0;
			defaultConfigurationName = Release;
		};
/* End XCConfigurationList section */
	};
	rootObject = 556F852B1B775A7A00288568 /* Project object */;
}
